{
  "version": 4,
  "terraform_version": "1.5.6",
  "serial": 30,
  "lineage": "49278dc6-c0dc-9439-83f1-10892f7d8371",
  "outputs": {},
  "resources": [
    {
      "mode": "managed",
      "type": "azurerm_network_security_group",
      "name": "res-1",
      "provider": "provider[\"registry.terraform.io/hashicorp/azurerm\"]",
      "instances": [
        {
          "schema_version": 0,
          "attributes": {
            "id": "/subscriptions/d9d2ecd3-56a0-4f15-bae9-04b37c0d4335/resourceGroups/rg-vnet-wotlab01/providers/Microsoft.Network/networkSecurityGroups/nsg-wot-uks-application01",
            "location": "uksouth",
            "name": "nsg-wot-uks-application01",
            "resource_group_name": "rg-vnet-wotlab01",
            "security_rule": [],
            "tags": {},
            "timeouts": null
          },
          "sensitive_attributes": [],
          "private": "eyJlMmJmYjczMC1lY2FhLTExZTYtOGY4OC0zNDM2M2JjN2M0YzAiOnsiY3JlYXRlIjoxODAwMDAwMDAwMDAwLCJkZWxldGUiOjE4MDAwMDAwMDAwMDAsInJlYWQiOjMwMDAwMDAwMDAwMCwidXBkYXRlIjoxODAwMDAwMDAwMDAwfSwic2NoZW1hX3ZlcnNpb24iOiIwIn0="
        }
      ]
    },
    {
      "mode": "managed",
      "type": "azurerm_network_security_group",
      "name": "res-2",
      "provider": "provider[\"registry.terraform.io/hashicorp/azurerm\"]",
      "instances": [
        {
          "schema_version": 0,
          "attributes": {
            "id": "/subscriptions/d9d2ecd3-56a0-4f15-bae9-04b37c0d4335/resourceGroups/rg-vnet-wotlab01/providers/Microsoft.Network/networkSecurityGroups/nsg-wot-uks-cgm01",
            "location": "uksouth",
            "name": "nsg-wot-uks-cgm01",
            "resource_group_name": "rg-vnet-wotlab01",
            "security_rule": [],
            "tags": {},
            "timeouts": null
          },
          "sensitive_attributes": [],
          "private": "eyJlMmJmYjczMC1lY2FhLTExZTYtOGY4OC0zNDM2M2JjN2M0YzAiOnsiY3JlYXRlIjoxODAwMDAwMDAwMDAwLCJkZWxldGUiOjE4MDAwMDAwMDAwMDAsInJlYWQiOjMwMDAwMDAwMDAwMCwidXBkYXRlIjoxODAwMDAwMDAwMDAwfSwic2NoZW1hX3ZlcnNpb24iOiIwIn0="
        }
      ]
    },
    {
      "mode": "managed",
      "type": "azurerm_network_security_group",
      "name": "res-3",
      "provider": "provider[\"registry.terraform.io/hashicorp/azurerm\"]",
      "instances": [
        {
          "schema_version": 0,
          "attributes": {
            "id": "/subscriptions/d9d2ecd3-56a0-4f15-bae9-04b37c0d4335/resourceGroups/rg-vnet-wotlab01/providers/Microsoft.Network/networkSecurityGroups/nsg-wot-uks-database01",
            "location": "uksouth",
            "name": "nsg-wot-uks-database01",
            "resource_group_name": "rg-vnet-wotlab01",
            "security_rule": [],
            "tags": {},
            "timeouts": null
          },
          "sensitive_attributes": [],
          "private": "eyJlMmJmYjczMC1lY2FhLTExZTYtOGY4OC0zNDM2M2JjN2M0YzAiOnsiY3JlYXRlIjoxODAwMDAwMDAwMDAwLCJkZWxldGUiOjE4MDAwMDAwMDAwMDAsInJlYWQiOjMwMDAwMDAwMDAwMCwidXBkYXRlIjoxODAwMDAwMDAwMDAwfSwic2NoZW1hX3ZlcnNpb24iOiIwIn0="
        }
      ]
    },
    {
      "mode": "managed",
      "type": "azurerm_network_security_group",
      "name": "res-4",
      "provider": "provider[\"registry.terraform.io/hashicorp/azurerm\"]",
      "instances": [
        {
          "schema_version": 0,
          "attributes": {
            "id": "/subscriptions/d9d2ecd3-56a0-4f15-bae9-04b37c0d4335/resourceGroups/rg-vnet-wotlab01/providers/Microsoft.Network/networkSecurityGroups/nsg-wot-uks-jumphosts01",
            "location": "uksouth",
            "name": "nsg-wot-uks-jumphosts01",
            "resource_group_name": "rg-vnet-wotlab01",
            "security_rule": [],
            "tags": {},
            "timeouts": null
          },
          "sensitive_attributes": [],
          "private": "eyJlMmJmYjczMC1lY2FhLTExZTYtOGY4OC0zNDM2M2JjN2M0YzAiOnsiY3JlYXRlIjoxODAwMDAwMDAwMDAwLCJkZWxldGUiOjE4MDAwMDAwMDAwMDAsInJlYWQiOjMwMDAwMDAwMDAwMCwidXBkYXRlIjoxODAwMDAwMDAwMDAwfSwic2NoZW1hX3ZlcnNpb24iOiIwIn0="
        }
      ]
    },
    {
      "mode": "managed",
      "type": "azurerm_network_security_group",
      "name": "res-5",
      "provider": "provider[\"registry.terraform.io/hashicorp/azurerm\"]",
      "instances": [
        {
          "schema_version": 0,
          "attributes": {
            "id": "/subscriptions/d9d2ecd3-56a0-4f15-bae9-04b37c0d4335/resourceGroups/rg-vnet-wotlab01/providers/Microsoft.Network/networkSecurityGroups/nsg-wot-uks-trusted01",
            "location": "uksouth",
            "name": "nsg-wot-uks-trusted01",
            "resource_group_name": "rg-vnet-wotlab01",
            "security_rule": [],
            "tags": {},
            "timeouts": null
          },
          "sensitive_attributes": [],
          "private": "eyJlMmJmYjczMC1lY2FhLTExZTYtOGY4OC0zNDM2M2JjN2M0YzAiOnsiY3JlYXRlIjoxODAwMDAwMDAwMDAwLCJkZWxldGUiOjE4MDAwMDAwMDAwMDAsInJlYWQiOjMwMDAwMDAwMDAwMCwidXBkYXRlIjoxODAwMDAwMDAwMDAwfSwic2NoZW1hX3ZlcnNpb24iOiIwIn0="
        }
      ]
    },
    {
      "mode": "managed",
      "type": "azurerm_network_security_group",
      "name": "res-6",
      "provider": "provider[\"registry.terraform.io/hashicorp/azurerm\"]",
      "instances": [
        {
          "schema_version": 0,
          "attributes": {
            "id": "/subscriptions/d9d2ecd3-56a0-4f15-bae9-04b37c0d4335/resourceGroups/rg-vnet-wotlab01/providers/Microsoft.Network/networkSecurityGroups/nsg-wot-uks-webserver01",
            "location": "uksouth",
            "name": "nsg-wot-uks-webserver01",
            "resource_group_name": "rg-vnet-wotlab01",
            "security_rule": [],
            "tags": {},
            "timeouts": null
          },
          "sensitive_attributes": [],
          "private": "eyJlMmJmYjczMC1lY2FhLTExZTYtOGY4OC0zNDM2M2JjN2M0YzAiOnsiY3JlYXRlIjoxODAwMDAwMDAwMDAwLCJkZWxldGUiOjE4MDAwMDAwMDAwMDAsInJlYWQiOjMwMDAwMDAwMDAwMCwidXBkYXRlIjoxODAwMDAwMDAwMDAwfSwic2NoZW1hX3ZlcnNpb24iOiIwIn0="
        }
      ]
    },
    {
      "mode": "managed",
      "type": "azurerm_resource_group",
      "name": "res-0",
      "provider": "provider[\"registry.terraform.io/hashicorp/azurerm\"]",
      "instances": [
        {
          "schema_version": 0,
          "attributes": {
            "id": "/subscriptions/d9d2ecd3-56a0-4f15-bae9-04b37c0d4335/resourceGroups/rg-vnet-wotlab01",
            "location": "uksouth",
            "managed_by": "",
            "name": "rg-vnet-wotlab01",
            "tags": {},
            "timeouts": null
          },
          "sensitive_attributes": [],
          "private": "eyJlMmJmYjczMC1lY2FhLTExZTYtOGY4OC0zNDM2M2JjN2M0YzAiOnsiY3JlYXRlIjo1NDAwMDAwMDAwMDAwLCJkZWxldGUiOjU0MDAwMDAwMDAwMDAsInJlYWQiOjMwMDAwMDAwMDAwMCwidXBkYXRlIjo1NDAwMDAwMDAwMDAwfSwic2NoZW1hX3ZlcnNpb24iOiIwIn0="
        }
      ]
    },
    {
      "mode": "managed",
      "type": "azurerm_route",
      "name": "res-8",
      "provider": "provider[\"registry.terraform.io/hashicorp/azurerm\"]",
      "instances": [
        {
          "schema_version": 0,
          "attributes": {
            "address_prefix": "2.2.2.0/24",
            "id": "/subscriptions/d9d2ecd3-56a0-4f15-bae9-04b37c0d4335/resourceGroups/rg-vnet-wotlab01/providers/Microsoft.Network/routeTables/UDRName/routes/udr-wot--uksbackend",
            "name": "udr-wot--uksbackend",
            "next_hop_in_ip_address": "2.2.2.10",
            "next_hop_type": "VirtualAppliance",
            "resource_group_name": "rg-vnet-wotlab01",
            "route_table_name": "UDRName",
            "timeouts": null
          },
          "sensitive_attributes": [],
          "private": "eyJlMmJmYjczMC1lY2FhLTExZTYtOGY4OC0zNDM2M2JjN2M0YzAiOnsiY3JlYXRlIjoxODAwMDAwMDAwMDAwLCJkZWxldGUiOjE4MDAwMDAwMDAwMDAsInJlYWQiOjMwMDAwMDAwMDAwMCwidXBkYXRlIjoxODAwMDAwMDAwMDAwfSwic2NoZW1hX3ZlcnNpb24iOiIwIn0="
        }
      ]
    },
    {
      "mode": "managed",
      "type": "azurerm_route",
      "name": "res-9",
      "provider": "provider[\"registry.terraform.io/hashicorp/azurerm\"]",
      "instances": [
        {
          "schema_version": 0,
          "attributes": {
            "address_prefix": "1.1.1.0/24",
            "id": "/subscriptions/d9d2ecd3-56a0-4f15-bae9-04b37c0d4335/resourceGroups/rg-vnet-wotlab01/providers/Microsoft.Network/routeTables/UDRName/routes/udr-wot--uksfrontend",
            "name": "udr-wot--uksfrontend",
            "next_hop_in_ip_address": "1.1.1.10",
            "next_hop_type": "VirtualAppliance",
            "resource_group_name": "rg-vnet-wotlab01",
            "route_table_name": "UDRName",
            "timeouts": null
          },
          "sensitive_attributes": [],
          "private": "eyJlMmJmYjczMC1lY2FhLTExZTYtOGY4OC0zNDM2M2JjN2M0YzAiOnsiY3JlYXRlIjoxODAwMDAwMDAwMDAwLCJkZWxldGUiOjE4MDAwMDAwMDAwMDAsInJlYWQiOjMwMDAwMDAwMDAwMCwidXBkYXRlIjoxODAwMDAwMDAwMDAwfSwic2NoZW1hX3ZlcnNpb24iOiIwIn0="
        }
      ]
    },
    {
      "mode": "managed",
      "type": "azurerm_route_table",
      "name": "res-7",
      "provider": "provider[\"registry.terraform.io/hashicorp/azurerm\"]",
      "instances": [
        {
          "schema_version": 0,
          "attributes": {
            "disable_bgp_route_propagation": false,
            "id": "/subscriptions/d9d2ecd3-56a0-4f15-bae9-04b37c0d4335/resourceGroups/rg-vnet-wotlab01/providers/Microsoft.Network/routeTables/UDRName",
            "location": "uksouth",
            "name": "UDRName",
            "resource_group_name": "rg-vnet-wotlab01",
            "route": [
              {
                "address_prefix": "1.1.1.0/24",
                "name": "udr-wot--uksfrontend",
                "next_hop_in_ip_address": "1.1.1.10",
                "next_hop_type": "VirtualAppliance"
              },
              {
                "address_prefix": "2.2.2.0/24",
                "name": "udr-wot--uksbackend",
                "next_hop_in_ip_address": "2.2.2.10",
                "next_hop_type": "VirtualAppliance"
              }
            ],
            "subnets": [],
            "tags": {},
            "timeouts": null
          },
          "sensitive_attributes": [],
          "private": "eyJlMmJmYjczMC1lY2FhLTExZTYtOGY4OC0zNDM2M2JjN2M0YzAiOnsiY3JlYXRlIjoxODAwMDAwMDAwMDAwLCJkZWxldGUiOjE4MDAwMDAwMDAwMDAsInJlYWQiOjMwMDAwMDAwMDAwMCwidXBkYXRlIjoxODAwMDAwMDAwMDAwfSwic2NoZW1hX3ZlcnNpb24iOiIwIn0="
        }
      ]
    },
    {
      "mode": "managed",
      "type": "azurerm_subnet",
      "name": "res-11",
      "provider": "provider[\"registry.terraform.io/hashicorp/azurerm\"]",
      "instances": [
        {
          "schema_version": 0,
          "attributes": {
            "address_prefixes": [
              "10.60.16.128/26"
            ],
            "delegation": [],
            "enforce_private_link_endpoint_network_policies": true,
            "enforce_private_link_service_network_policies": false,
            "id": "/subscriptions/d9d2ecd3-56a0-4f15-bae9-04b37c0d4335/resourceGroups/rg-vnet-wotlab01/providers/Microsoft.Network/virtualNetworks/vn-wot-uks-core01/subnets/sn-wot-uks-activedirectory",
            "name": "sn-wot-uks-activedirectory",
            "private_endpoint_network_policies_enabled": false,
            "private_link_service_network_policies_enabled": true,
            "resource_group_name": "rg-vnet-wotlab01",
            "service_endpoint_policy_ids": [],
            "service_endpoints": [],
            "timeouts": null,
            "virtual_network_name": "vn-wot-uks-core01"
          },
          "sensitive_attributes": [],
          "private": "eyJlMmJmYjczMC1lY2FhLTExZTYtOGY4OC0zNDM2M2JjN2M0YzAiOnsiY3JlYXRlIjoxODAwMDAwMDAwMDAwLCJkZWxldGUiOjE4MDAwMDAwMDAwMDAsInJlYWQiOjMwMDAwMDAwMDAwMCwidXBkYXRlIjoxODAwMDAwMDAwMDAwfSwic2NoZW1hX3ZlcnNpb24iOiIwIn0="
        }
      ]
    },
    {
      "mode": "managed",
      "type": "azurerm_subnet",
      "name": "res-12",
      "provider": "provider[\"registry.terraform.io/hashicorp/azurerm\"]",
      "instances": [
        {
          "schema_version": 0,
          "attributes": {
            "address_prefixes": [
              "10.60.16.0/26"
            ],
            "delegation": [],
            "enforce_private_link_endpoint_network_policies": true,
            "enforce_private_link_service_network_policies": false,
            "id": "/subscriptions/d9d2ecd3-56a0-4f15-bae9-04b37c0d4335/resourceGroups/rg-vnet-wotlab01/providers/Microsoft.Network/virtualNetworks/vn-wot-uks-core01/subnets/sn-wot-uks-application01",
            "name": "sn-wot-uks-application01",
            "private_endpoint_network_policies_enabled": false,
            "private_link_service_network_policies_enabled": true,
            "resource_group_name": "rg-vnet-wotlab01",
            "service_endpoint_policy_ids": [],
            "service_endpoints": [],
            "timeouts": null,
            "virtual_network_name": "vn-wot-uks-core01"
          },
          "sensitive_attributes": [],
          "private": "eyJlMmJmYjczMC1lY2FhLTExZTYtOGY4OC0zNDM2M2JjN2M0YzAiOnsiY3JlYXRlIjoxODAwMDAwMDAwMDAwLCJkZWxldGUiOjE4MDAwMDAwMDAwMDAsInJlYWQiOjMwMDAwMDAwMDAwMCwidXBkYXRlIjoxODAwMDAwMDAwMDAwfSwic2NoZW1hX3ZlcnNpb24iOiIwIn0="
        }
      ]
    },
    {
      "mode": "managed",
      "type": "azurerm_subnet",
      "name": "res-13",
      "provider": "provider[\"registry.terraform.io/hashicorp/azurerm\"]",
      "instances": [
        {
          "schema_version": 0,
          "attributes": {
            "address_prefixes": [
              "10.60.16.64/26"
            ],
            "delegation": [],
            "enforce_private_link_endpoint_network_policies": true,
            "enforce_private_link_service_network_policies": false,
            "id": "/subscriptions/d9d2ecd3-56a0-4f15-bae9-04b37c0d4335/resourceGroups/rg-vnet-wotlab01/providers/Microsoft.Network/virtualNetworks/vn-wot-uks-core01/subnets/sn-wot-uks-database01",
            "name": "sn-wot-uks-database01",
            "private_endpoint_network_policies_enabled": false,
            "private_link_service_network_policies_enabled": true,
            "resource_group_name": "rg-vnet-wotlab01",
            "service_endpoint_policy_ids": [],
            "service_endpoints": [],
            "timeouts": null,
            "virtual_network_name": "vn-wot-uks-core01"
          },
          "sensitive_attributes": [],
          "private": "eyJlMmJmYjczMC1lY2FhLTExZTYtOGY4OC0zNDM2M2JjN2M0YzAiOnsiY3JlYXRlIjoxODAwMDAwMDAwMDAwLCJkZWxldGUiOjE4MDAwMDAwMDAwMDAsInJlYWQiOjMwMDAwMDAwMDAwMCwidXBkYXRlIjoxODAwMDAwMDAwMDAwfSwic2NoZW1hX3ZlcnNpb24iOiIwIn0="
        }
      ]
    },
    {
      "mode": "managed",
      "type": "azurerm_subnet",
      "name": "res-14",
      "provider": "provider[\"registry.terraform.io/hashicorp/azurerm\"]",
      "instances": [
        {
          "schema_version": 0,
          "attributes": {
            "address_prefixes": [
              "10.60.16.192/28"
            ],
            "delegation": [],
            "enforce_private_link_endpoint_network_policies": true,
            "enforce_private_link_service_network_policies": false,
            "id": "/subscriptions/d9d2ecd3-56a0-4f15-bae9-04b37c0d4335/resourceGroups/rg-vnet-wotlab01/providers/Microsoft.Network/virtualNetworks/vn-wot-uks-core01/subnets/sn-wot-uks-webserver01",
            "name": "sn-wot-uks-webserver01",
            "private_endpoint_network_policies_enabled": false,
            "private_link_service_network_policies_enabled": true,
            "resource_group_name": "rg-vnet-wotlab01",
            "service_endpoint_policy_ids": [],
            "service_endpoints": [],
            "timeouts": null,
            "virtual_network_name": "vn-wot-uks-core01"
          },
          "sensitive_attributes": [],
          "private": "eyJlMmJmYjczMC1lY2FhLTExZTYtOGY4OC0zNDM2M2JjN2M0YzAiOnsiY3JlYXRlIjoxODAwMDAwMDAwMDAwLCJkZWxldGUiOjE4MDAwMDAwMDAwMDAsInJlYWQiOjMwMDAwMDAwMDAwMCwidXBkYXRlIjoxODAwMDAwMDAwMDAwfSwic2NoZW1hX3ZlcnNpb24iOiIwIn0="
        }
      ]
    },
    {
      "mode": "managed",
      "type": "azurerm_subnet",
      "name": "res-17",
      "provider": "provider[\"registry.terraform.io/hashicorp/azurerm\"]",
      "instances": [
        {
          "schema_version": 0,
          "attributes": {
            "address_prefixes": [
              "10.60.0.0/27"
            ],
            "delegation": [],
            "enforce_private_link_endpoint_network_policies": true,
            "enforce_private_link_service_network_policies": false,
            "id": "/subscriptions/d9d2ecd3-56a0-4f15-bae9-04b37c0d4335/resourceGroups/rg-vnet-wotlab01/providers/Microsoft.Network/virtualNetworks/vn-wot-uks-hub01/subnets/AzureBastionSubnet",
            "name": "AzureBastionSubnet",
            "private_endpoint_network_policies_enabled": false,
            "private_link_service_network_policies_enabled": true,
            "resource_group_name": "rg-vnet-wotlab01",
            "service_endpoint_policy_ids": [],
            "service_endpoints": [],
            "timeouts": null,
            "virtual_network_name": "vn-wot-uks-hub01"
          },
          "sensitive_attributes": [],
          "private": "eyJlMmJmYjczMC1lY2FhLTExZTYtOGY4OC0zNDM2M2JjN2M0YzAiOnsiY3JlYXRlIjoxODAwMDAwMDAwMDAwLCJkZWxldGUiOjE4MDAwMDAwMDAwMDAsInJlYWQiOjMwMDAwMDAwMDAwMCwidXBkYXRlIjoxODAwMDAwMDAwMDAwfSwic2NoZW1hX3ZlcnNpb24iOiIwIn0="
        }
      ]
    },
    {
      "mode": "managed",
      "type": "azurerm_subnet",
      "name": "res-18",
      "provider": "provider[\"registry.terraform.io/hashicorp/azurerm\"]",
      "instances": [
        {
          "schema_version": 0,
          "attributes": {
            "address_prefixes": [
              "10.60.0.128/27"
            ],
            "delegation": [],
            "enforce_private_link_endpoint_network_policies": true,
            "enforce_private_link_service_network_policies": false,
            "id": "/subscriptions/d9d2ecd3-56a0-4f15-bae9-04b37c0d4335/resourceGroups/rg-vnet-wotlab01/providers/Microsoft.Network/virtualNetworks/vn-wot-uks-hub01/subnets/sn-wot-uks-cloudguardmgmt",
            "name": "sn-wot-uks-cloudguardmgmt",
            "private_endpoint_network_policies_enabled": false,
            "private_link_service_network_policies_enabled": true,
            "resource_group_name": "rg-vnet-wotlab01",
            "service_endpoint_policy_ids": [],
            "service_endpoints": [],
            "timeouts": null,
            "virtual_network_name": "vn-wot-uks-hub01"
          },
          "sensitive_attributes": [],
          "private": "eyJlMmJmYjczMC1lY2FhLTExZTYtOGY4OC0zNDM2M2JjN2M0YzAiOnsiY3JlYXRlIjoxODAwMDAwMDAwMDAwLCJkZWxldGUiOjE4MDAwMDAwMDAwMDAsInJlYWQiOjMwMDAwMDAwMDAwMCwidXBkYXRlIjoxODAwMDAwMDAwMDAwfSwic2NoZW1hX3ZlcnNpb24iOiIwIn0="
        }
      ]
    },
    {
      "mode": "managed",
      "type": "azurerm_subnet",
      "name": "res-19",
      "provider": "provider[\"registry.terraform.io/hashicorp/azurerm\"]",
      "instances": [
        {
          "schema_version": 0,
          "attributes": {
            "address_prefixes": [
              "10.60.0.32/28"
            ],
            "delegation": [],
            "enforce_private_link_endpoint_network_policies": true,
            "enforce_private_link_service_network_policies": false,
            "id": "/subscriptions/d9d2ecd3-56a0-4f15-bae9-04b37c0d4335/resourceGroups/rg-vnet-wotlab01/providers/Microsoft.Network/virtualNetworks/vn-wot-uks-hub01/subnets/sn-wot-uks-firewall01",
            "name": "sn-wot-uks-firewall01",
            "private_endpoint_network_policies_enabled": false,
            "private_link_service_network_policies_enabled": true,
            "resource_group_name": "rg-vnet-wotlab01",
            "service_endpoint_policy_ids": [],
            "service_endpoints": [],
            "timeouts": null,
            "virtual_network_name": "vn-wot-uks-hub01"
          },
          "sensitive_attributes": [],
          "private": "eyJlMmJmYjczMC1lY2FhLTExZTYtOGY4OC0zNDM2M2JjN2M0YzAiOnsiY3JlYXRlIjoxODAwMDAwMDAwMDAwLCJkZWxldGUiOjE4MDAwMDAwMDAwMDAsInJlYWQiOjMwMDAwMDAwMDAwMCwidXBkYXRlIjoxODAwMDAwMDAwMDAwfSwic2NoZW1hX3ZlcnNpb24iOiIwIn0="
        }
      ]
    },
    {
      "mode": "managed",
      "type": "azurerm_subnet",
      "name": "res-20",
      "provider": "provider[\"registry.terraform.io/hashicorp/azurerm\"]",
      "instances": [
        {
          "schema_version": 0,
          "attributes": {
            "address_prefixes": [
              "10.60.0.48/28"
            ],
            "delegation": [],
            "enforce_private_link_endpoint_network_policies": true,
            "enforce_private_link_service_network_policies": false,
            "id": "/subscriptions/d9d2ecd3-56a0-4f15-bae9-04b37c0d4335/resourceGroups/rg-vnet-wotlab01/providers/Microsoft.Network/virtualNetworks/vn-wot-uks-hub01/subnets/sn-wot-uks-firewall02",
            "name": "sn-wot-uks-firewall02",
            "private_endpoint_network_policies_enabled": false,
            "private_link_service_network_policies_enabled": true,
            "resource_group_name": "rg-vnet-wotlab01",
            "service_endpoint_policy_ids": [],
            "service_endpoints": [],
            "timeouts": null,
            "virtual_network_name": "vn-wot-uks-hub01"
          },
          "sensitive_attributes": [],
          "private": "eyJlMmJmYjczMC1lY2FhLTExZTYtOGY4OC0zNDM2M2JjN2M0YzAiOnsiY3JlYXRlIjoxODAwMDAwMDAwMDAwLCJkZWxldGUiOjE4MDAwMDAwMDAwMDAsInJlYWQiOjMwMDAwMDAwMDAwMCwidXBkYXRlIjoxODAwMDAwMDAwMDAwfSwic2NoZW1hX3ZlcnNpb24iOiIwIn0="
        }
      ]
    },
    {
      "mode": "managed",
      "type": "azurerm_subnet",
      "name": "res-21",
      "provider": "provider[\"registry.terraform.io/hashicorp/azurerm\"]",
      "instances": [
        {
          "schema_version": 0,
          "attributes": {
            "address_prefixes": [
              "10.60.0.64/26"
            ],
            "delegation": [],
            "enforce_private_link_endpoint_network_policies": true,
            "enforce_private_link_service_network_policies": false,
            "id": "/subscriptions/d9d2ecd3-56a0-4f15-bae9-04b37c0d4335/resourceGroups/rg-vnet-wotlab01/providers/Microsoft.Network/virtualNetworks/vn-wot-uks-hub01/subnets/sn-wot-uks-management01",
            "name": "sn-wot-uks-management01",
            "private_endpoint_network_policies_enabled": false,
            "private_link_service_network_policies_enabled": true,
            "resource_group_name": "rg-vnet-wotlab01",
            "service_endpoint_policy_ids": [],
            "service_endpoints": [],
            "timeouts": null,
            "virtual_network_name": "vn-wot-uks-hub01"
          },
          "sensitive_attributes": [],
          "private": "eyJlMmJmYjczMC1lY2FhLTExZTYtOGY4OC0zNDM2M2JjN2M0YzAiOnsiY3JlYXRlIjoxODAwMDAwMDAwMDAwLCJkZWxldGUiOjE4MDAwMDAwMDAwMDAsInJlYWQiOjMwMDAwMDAwMDAwMCwidXBkYXRlIjoxODAwMDAwMDAwMDAwfSwic2NoZW1hX3ZlcnNpb24iOiIwIn0="
        }
      ]
    },
    {
      "mode": "managed",
      "type": "azurerm_subnet",
      "name": "res-23",
      "provider": "provider[\"registry.terraform.io/hashicorp/azurerm\"]",
      "instances": [
        {
          "schema_version": 0,
          "attributes": {
            "address_prefixes": [
              "10.60.112.0/27"
            ],
            "delegation": [],
            "enforce_private_link_endpoint_network_policies": true,
            "enforce_private_link_service_network_policies": false,
            "id": "/subscriptions/d9d2ecd3-56a0-4f15-bae9-04b37c0d4335/resourceGroups/rg-vnet-wotlab01/providers/Microsoft.Network/virtualNetworks/vn-wot-uks-preprod01/subnets/sn-wot-uks-application01",
            "name": "sn-wot-uks-application01",
            "private_endpoint_network_policies_enabled": false,
            "private_link_service_network_policies_enabled": true,
            "resource_group_name": "rg-vnet-wotlab01",
            "service_endpoint_policy_ids": [],
            "service_endpoints": [],
            "timeouts": null,
            "virtual_network_name": "vn-wot-uks-preprod01"
          },
          "sensitive_attributes": [],
          "private": "eyJlMmJmYjczMC1lY2FhLTExZTYtOGY4OC0zNDM2M2JjN2M0YzAiOnsiY3JlYXRlIjoxODAwMDAwMDAwMDAwLCJkZWxldGUiOjE4MDAwMDAwMDAwMDAsInJlYWQiOjMwMDAwMDAwMDAwMCwidXBkYXRlIjoxODAwMDAwMDAwMDAwfSwic2NoZW1hX3ZlcnNpb24iOiIwIn0="
        }
      ]
    },
    {
      "mode": "managed",
      "type": "azurerm_subnet",
      "name": "res-24",
      "provider": "provider[\"registry.terraform.io/hashicorp/azurerm\"]",
      "instances": [
        {
          "schema_version": 0,
          "attributes": {
            "address_prefixes": [
              "10.60.112.32/27"
            ],
            "delegation": [],
            "enforce_private_link_endpoint_network_policies": true,
            "enforce_private_link_service_network_policies": false,
            "id": "/subscriptions/d9d2ecd3-56a0-4f15-bae9-04b37c0d4335/resourceGroups/rg-vnet-wotlab01/providers/Microsoft.Network/virtualNetworks/vn-wot-uks-preprod01/subnets/sn-wot-uks-database01",
            "name": "sn-wot-uks-database01",
            "private_endpoint_network_policies_enabled": false,
            "private_link_service_network_policies_enabled": true,
            "resource_group_name": "rg-vnet-wotlab01",
            "service_endpoint_policy_ids": [],
            "service_endpoints": [],
            "timeouts": null,
            "virtual_network_name": "vn-wot-uks-preprod01"
          },
          "sensitive_attributes": [],
          "private": "eyJlMmJmYjczMC1lY2FhLTExZTYtOGY4OC0zNDM2M2JjN2M0YzAiOnsiY3JlYXRlIjoxODAwMDAwMDAwMDAwLCJkZWxldGUiOjE4MDAwMDAwMDAwMDAsInJlYWQiOjMwMDAwMDAwMDAwMCwidXBkYXRlIjoxODAwMDAwMDAwMDAwfSwic2NoZW1hX3ZlcnNpb24iOiIwIn0="
        }
      ]
    },
    {
      "mode": "managed",
      "type": "azurerm_subnet",
      "name": "res-25",
      "provider": "provider[\"registry.terraform.io/hashicorp/azurerm\"]",
      "instances": [
        {
          "schema_version": 0,
          "attributes": {
            "address_prefixes": [
              "10.60.112.64/27"
            ],
            "delegation": [],
            "enforce_private_link_endpoint_network_policies": true,
            "enforce_private_link_service_network_policies": false,
            "id": "/subscriptions/d9d2ecd3-56a0-4f15-bae9-04b37c0d4335/resourceGroups/rg-vnet-wotlab01/providers/Microsoft.Network/virtualNetworks/vn-wot-uks-preprod01/subnets/sn-wot-uks-webserver01",
            "name": "sn-wot-uks-webserver01",
            "private_endpoint_network_policies_enabled": false,
            "private_link_service_network_policies_enabled": true,
            "resource_group_name": "rg-vnet-wotlab01",
            "service_endpoint_policy_ids": [],
            "service_endpoints": [],
            "timeouts": null,
            "virtual_network_name": "vn-wot-uks-preprod01"
          },
          "sensitive_attributes": [],
          "private": "eyJlMmJmYjczMC1lY2FhLTExZTYtOGY4OC0zNDM2M2JjN2M0YzAiOnsiY3JlYXRlIjoxODAwMDAwMDAwMDAwLCJkZWxldGUiOjE4MDAwMDAwMDAwMDAsInJlYWQiOjMwMDAwMDAwMDAwMCwidXBkYXRlIjoxODAwMDAwMDAwMDAwfSwic2NoZW1hX3ZlcnNpb24iOiIwIn0="
        }
      ]
    },
    {
      "mode": "managed",
      "type": "azurerm_subnet",
      "name": "res-27",
      "provider": "provider[\"registry.terraform.io/hashicorp/azurerm\"]",
      "instances": [
        {
          "schema_version": 0,
          "attributes": {
            "address_prefixes": [
              "10.60.32.0/26"
            ],
            "delegation": [],
            "enforce_private_link_endpoint_network_policies": true,
            "enforce_private_link_service_network_policies": false,
            "id": "/subscriptions/d9d2ecd3-56a0-4f15-bae9-04b37c0d4335/resourceGroups/rg-vnet-wotlab01/providers/Microsoft.Network/virtualNetworks/vn-wot-uks-prod01/subnets/sn-wot-uks-application01",
            "name": "sn-wot-uks-application01",
            "private_endpoint_network_policies_enabled": false,
            "private_link_service_network_policies_enabled": true,
            "resource_group_name": "rg-vnet-wotlab01",
            "service_endpoint_policy_ids": [],
            "service_endpoints": [],
            "timeouts": null,
            "virtual_network_name": "vn-wot-uks-prod01"
          },
          "sensitive_attributes": [],
          "private": "eyJlMmJmYjczMC1lY2FhLTExZTYtOGY4OC0zNDM2M2JjN2M0YzAiOnsiY3JlYXRlIjoxODAwMDAwMDAwMDAwLCJkZWxldGUiOjE4MDAwMDAwMDAwMDAsInJlYWQiOjMwMDAwMDAwMDAwMCwidXBkYXRlIjoxODAwMDAwMDAwMDAwfSwic2NoZW1hX3ZlcnNpb24iOiIwIn0="
        }
      ]
    },
    {
      "mode": "managed",
      "type": "azurerm_subnet",
      "name": "res-28",
      "provider": "provider[\"registry.terraform.io/hashicorp/azurerm\"]",
      "instances": [
        {
          "schema_version": 0,
          "attributes": {
            "address_prefixes": [
              "10.60.32.64/26"
            ],
            "delegation": [],
            "enforce_private_link_endpoint_network_policies": true,
            "enforce_private_link_service_network_policies": false,
            "id": "/subscriptions/d9d2ecd3-56a0-4f15-bae9-04b37c0d4335/resourceGroups/rg-vnet-wotlab01/providers/Microsoft.Network/virtualNetworks/vn-wot-uks-prod01/subnets/sn-wot-uks-database01",
            "name": "sn-wot-uks-database01",
            "private_endpoint_network_policies_enabled": false,
            "private_link_service_network_policies_enabled": true,
            "resource_group_name": "rg-vnet-wotlab01",
            "service_endpoint_policy_ids": [],
            "service_endpoints": [],
            "timeouts": null,
            "virtual_network_name": "vn-wot-uks-prod01"
          },
          "sensitive_attributes": [],
          "private": "eyJlMmJmYjczMC1lY2FhLTExZTYtOGY4OC0zNDM2M2JjN2M0YzAiOnsiY3JlYXRlIjoxODAwMDAwMDAwMDAwLCJkZWxldGUiOjE4MDAwMDAwMDAwMDAsInJlYWQiOjMwMDAwMDAwMDAwMCwidXBkYXRlIjoxODAwMDAwMDAwMDAwfSwic2NoZW1hX3ZlcnNpb24iOiIwIn0="
        }
      ]
    },
    {
      "mode": "managed",
      "type": "azurerm_subnet",
      "name": "res-29",
      "provider": "provider[\"registry.terraform.io/hashicorp/azurerm\"]",
      "instances": [
        {
          "schema_version": 0,
          "attributes": {
            "address_prefixes": [
              "10.60.32.128/26"
            ],
            "delegation": [],
            "enforce_private_link_endpoint_network_policies": true,
            "enforce_private_link_service_network_policies": false,
            "id": "/subscriptions/d9d2ecd3-56a0-4f15-bae9-04b37c0d4335/resourceGroups/rg-vnet-wotlab01/providers/Microsoft.Network/virtualNetworks/vn-wot-uks-prod01/subnets/sn-wot-uks-webserver01",
            "name": "sn-wot-uks-webserver01",
            "private_endpoint_network_policies_enabled": false,
            "private_link_service_network_policies_enabled": true,
            "resource_group_name": "rg-vnet-wotlab01",
            "service_endpoint_policy_ids": [],
            "service_endpoints": [],
            "timeouts": null,
            "virtual_network_name": "vn-wot-uks-prod01"
          },
          "sensitive_attributes": [],
          "private": "eyJlMmJmYjczMC1lY2FhLTExZTYtOGY4OC0zNDM2M2JjN2M0YzAiOnsiY3JlYXRlIjoxODAwMDAwMDAwMDAwLCJkZWxldGUiOjE4MDAwMDAwMDAwMDAsInJlYWQiOjMwMDAwMDAwMDAwMCwidXBkYXRlIjoxODAwMDAwMDAwMDAwfSwic2NoZW1hX3ZlcnNpb24iOiIwIn0="
        }
      ]
    },
    {
      "mode": "managed",
      "type": "azurerm_virtual_network",
      "name": "res-10",
      "provider": "provider[\"registry.terraform.io/hashicorp/azurerm\"]",
      "instances": [
        {
          "schema_version": 0,
          "attributes": {
            "address_space": [
              "10.60.16.0/24"
            ],
            "bgp_community": "",
            "ddos_protection_plan": [],
            "dns_servers": [],
            "edge_zone": "",
            "encryption": [],
            "flow_timeout_in_minutes": 0,
            "guid": "1b2ebbfe-6d62-4eae-8c77-667fea90cf84",
            "id": "/subscriptions/d9d2ecd3-56a0-4f15-bae9-04b37c0d4335/resourceGroups/rg-vnet-wotlab01/providers/Microsoft.Network/virtualNetworks/vn-wot-uks-core01",
            "location": "uksouth",
            "name": "vn-wot-uks-core01",
            "resource_group_name": "rg-vnet-wotlab01",
            "subnet": [
              {
                "address_prefix": "10.60.16.0/26",
                "id": "/subscriptions/d9d2ecd3-56a0-4f15-bae9-04b37c0d4335/resourceGroups/rg-vnet-wotlab01/providers/Microsoft.Network/virtualNetworks/vn-wot-uks-core01/subnets/sn-wot-uks-application01",
                "name": "sn-wot-uks-application01",
                "security_group": ""
              },
              {
                "address_prefix": "10.60.16.128/26",
                "id": "/subscriptions/d9d2ecd3-56a0-4f15-bae9-04b37c0d4335/resourceGroups/rg-vnet-wotlab01/providers/Microsoft.Network/virtualNetworks/vn-wot-uks-core01/subnets/sn-wot-uks-activedirectory",
                "name": "sn-wot-uks-activedirectory",
                "security_group": ""
              },
              {
                "address_prefix": "10.60.16.192/28",
                "id": "/subscriptions/d9d2ecd3-56a0-4f15-bae9-04b37c0d4335/resourceGroups/rg-vnet-wotlab01/providers/Microsoft.Network/virtualNetworks/vn-wot-uks-core01/subnets/sn-wot-uks-webserver01",
                "name": "sn-wot-uks-webserver01",
                "security_group": ""
              },
              {
                "address_prefix": "10.60.16.64/26",
                "id": "/subscriptions/d9d2ecd3-56a0-4f15-bae9-04b37c0d4335/resourceGroups/rg-vnet-wotlab01/providers/Microsoft.Network/virtualNetworks/vn-wot-uks-core01/subnets/sn-wot-uks-database01",
                "name": "sn-wot-uks-database01",
                "security_group": ""
              }
            ],
            "tags": {},
            "timeouts": null
          },
          "sensitive_attributes": [],
          "private": "eyJlMmJmYjczMC1lY2FhLTExZTYtOGY4OC0zNDM2M2JjN2M0YzAiOnsiY3JlYXRlIjoxODAwMDAwMDAwMDAwLCJkZWxldGUiOjE4MDAwMDAwMDAwMDAsInJlYWQiOjMwMDAwMDAwMDAwMCwidXBkYXRlIjoxODAwMDAwMDAwMDAwfSwic2NoZW1hX3ZlcnNpb24iOiIwIn0="
        }
      ]
    },
    {
      "mode": "managed",
      "type": "azurerm_virtual_network",
      "name": "res-16",
      "provider": "provider[\"registry.terraform.io/hashicorp/azurerm\"]",
      "instances": [
        {
          "schema_version": 0,
          "attributes": {
            "address_space": [
              "10.60.0.0/23"
            ],
            "bgp_community": "",
            "ddos_protection_plan": [],
            "dns_servers": [],
            "edge_zone": "",
            "encryption": [],
            "flow_timeout_in_minutes": 0,
            "guid": "2eb0787a-65c0-47ab-aa35-3ff629b6eb5d",
            "id": "/subscriptions/d9d2ecd3-56a0-4f15-bae9-04b37c0d4335/resourceGroups/rg-vnet-wotlab01/providers/Microsoft.Network/virtualNetworks/vn-wot-uks-hub01",
            "location": "uksouth",
            "name": "vn-wot-uks-hub01",
            "resource_group_name": "rg-vnet-wotlab01",
            "subnet": [
              {
                "address_prefix": "10.60.0.0/27",
                "id": "/subscriptions/d9d2ecd3-56a0-4f15-bae9-04b37c0d4335/resourceGroups/rg-vnet-wotlab01/providers/Microsoft.Network/virtualNetworks/vn-wot-uks-hub01/subnets/AzureBastionSubnet",
                "name": "AzureBastionSubnet",
                "security_group": ""
              },
              {
                "address_prefix": "10.60.0.128/27",
                "id": "/subscriptions/d9d2ecd3-56a0-4f15-bae9-04b37c0d4335/resourceGroups/rg-vnet-wotlab01/providers/Microsoft.Network/virtualNetworks/vn-wot-uks-hub01/subnets/sn-wot-uks-cloudguardmgmt",
                "name": "sn-wot-uks-cloudguardmgmt",
                "security_group": ""
              },
              {
                "address_prefix": "10.60.0.32/28",
                "id": "/subscriptions/d9d2ecd3-56a0-4f15-bae9-04b37c0d4335/resourceGroups/rg-vnet-wotlab01/providers/Microsoft.Network/virtualNetworks/vn-wot-uks-hub01/subnets/sn-wot-uks-firewall01",
                "name": "sn-wot-uks-firewall01",
                "security_group": ""
              },
              {
                "address_prefix": "10.60.0.48/28",
                "id": "/subscriptions/d9d2ecd3-56a0-4f15-bae9-04b37c0d4335/resourceGroups/rg-vnet-wotlab01/providers/Microsoft.Network/virtualNetworks/vn-wot-uks-hub01/subnets/sn-wot-uks-firewall02",
                "name": "sn-wot-uks-firewall02",
                "security_group": ""
              },
              {
                "address_prefix": "10.60.0.64/26",
                "id": "/subscriptions/d9d2ecd3-56a0-4f15-bae9-04b37c0d4335/resourceGroups/rg-vnet-wotlab01/providers/Microsoft.Network/virtualNetworks/vn-wot-uks-hub01/subnets/sn-wot-uks-management01",
                "name": "sn-wot-uks-management01",
                "security_group": ""
              }
            ],
            "tags": {},
            "timeouts": null
          },
          "sensitive_attributes": [],
          "private": "eyJlMmJmYjczMC1lY2FhLTExZTYtOGY4OC0zNDM2M2JjN2M0YzAiOnsiY3JlYXRlIjoxODAwMDAwMDAwMDAwLCJkZWxldGUiOjE4MDAwMDAwMDAwMDAsInJlYWQiOjMwMDAwMDAwMDAwMCwidXBkYXRlIjoxODAwMDAwMDAwMDAwfSwic2NoZW1hX3ZlcnNpb24iOiIwIn0="
        }
      ]
    },
    {
      "mode": "managed",
      "type": "azurerm_virtual_network",
      "name": "res-22",
      "provider": "provider[\"registry.terraform.io/hashicorp/azurerm\"]",
      "instances": [
        {
          "schema_version": 0,
          "attributes": {
            "address_space": [
              "10.60.112.0/25"
            ],
            "bgp_community": "",
            "ddos_protection_plan": [],
            "dns_servers": [],
            "edge_zone": "",
            "encryption": [],
            "flow_timeout_in_minutes": 0,
            "guid": "dcd893d1-47c4-46a1-9b66-d4ff5328940e",
            "id": "/subscriptions/d9d2ecd3-56a0-4f15-bae9-04b37c0d4335/resourceGroups/rg-vnet-wotlab01/providers/Microsoft.Network/virtualNetworks/vn-wot-uks-preprod01",
            "location": "uksouth",
            "name": "vn-wot-uks-preprod01",
            "resource_group_name": "rg-vnet-wotlab01",
            "subnet": [
              {
                "address_prefix": "10.60.112.0/27",
                "id": "/subscriptions/d9d2ecd3-56a0-4f15-bae9-04b37c0d4335/resourceGroups/rg-vnet-wotlab01/providers/Microsoft.Network/virtualNetworks/vn-wot-uks-preprod01/subnets/sn-wot-uks-application01",
                "name": "sn-wot-uks-application01",
                "security_group": ""
              },
              {
                "address_prefix": "10.60.112.32/27",
                "id": "/subscriptions/d9d2ecd3-56a0-4f15-bae9-04b37c0d4335/resourceGroups/rg-vnet-wotlab01/providers/Microsoft.Network/virtualNetworks/vn-wot-uks-preprod01/subnets/sn-wot-uks-database01",
                "name": "sn-wot-uks-database01",
                "security_group": ""
              },
              {
                "address_prefix": "10.60.112.64/27",
                "id": "/subscriptions/d9d2ecd3-56a0-4f15-bae9-04b37c0d4335/resourceGroups/rg-vnet-wotlab01/providers/Microsoft.Network/virtualNetworks/vn-wot-uks-preprod01/subnets/sn-wot-uks-webserver01",
                "name": "sn-wot-uks-webserver01",
                "security_group": ""
              }
            ],
            "tags": {},
            "timeouts": null
          },
          "sensitive_attributes": [],
          "private": "eyJlMmJmYjczMC1lY2FhLTExZTYtOGY4OC0zNDM2M2JjN2M0YzAiOnsiY3JlYXRlIjoxODAwMDAwMDAwMDAwLCJkZWxldGUiOjE4MDAwMDAwMDAwMDAsInJlYWQiOjMwMDAwMDAwMDAwMCwidXBkYXRlIjoxODAwMDAwMDAwMDAwfSwic2NoZW1hX3ZlcnNpb24iOiIwIn0="
        }
      ]
    },
    {
      "mode": "managed",
      "type": "azurerm_virtual_network",
      "name": "res-26",
      "provider": "provider[\"registry.terraform.io/hashicorp/azurerm\"]",
      "instances": [
        {
          "schema_version": 0,
          "attributes": {
            "address_space": [
              "10.60.32.0/24"
            ],
            "bgp_community": "",
            "ddos_protection_plan": [],
            "dns_servers": [],
            "edge_zone": "",
            "encryption": [],
            "flow_timeout_in_minutes": 0,
            "guid": "d8a43297-d574-40bf-8330-152ee1239414",
            "id": "/subscriptions/d9d2ecd3-56a0-4f15-bae9-04b37c0d4335/resourceGroups/rg-vnet-wotlab01/providers/Microsoft.Network/virtualNetworks/vn-wot-uks-prod01",
            "location": "uksouth",
            "name": "vn-wot-uks-prod01",
            "resource_group_name": "rg-vnet-wotlab01",
            "subnet": [
              {
                "address_prefix": "10.60.32.0/26",
                "id": "/subscriptions/d9d2ecd3-56a0-4f15-bae9-04b37c0d4335/resourceGroups/rg-vnet-wotlab01/providers/Microsoft.Network/virtualNetworks/vn-wot-uks-prod01/subnets/sn-wot-uks-application01",
                "name": "sn-wot-uks-application01",
                "security_group": ""
              },
              {
                "address_prefix": "10.60.32.128/26",
                "id": "/subscriptions/d9d2ecd3-56a0-4f15-bae9-04b37c0d4335/resourceGroups/rg-vnet-wotlab01/providers/Microsoft.Network/virtualNetworks/vn-wot-uks-prod01/subnets/sn-wot-uks-webserver01",
                "name": "sn-wot-uks-webserver01",
                "security_group": ""
              },
              {
                "address_prefix": "10.60.32.64/26",
                "id": "/subscriptions/d9d2ecd3-56a0-4f15-bae9-04b37c0d4335/resourceGroups/rg-vnet-wotlab01/providers/Microsoft.Network/virtualNetworks/vn-wot-uks-prod01/subnets/sn-wot-uks-database01",
                "name": "sn-wot-uks-database01",
                "security_group": ""
              }
            ],
            "tags": {},
            "timeouts": null
          },
          "sensitive_attributes": [],
          "private": "eyJlMmJmYjczMC1lY2FhLTExZTYtOGY4OC0zNDM2M2JjN2M0YzAiOnsiY3JlYXRlIjoxODAwMDAwMDAwMDAwLCJkZWxldGUiOjE4MDAwMDAwMDAwMDAsInJlYWQiOjMwMDAwMDAwMDAwMCwidXBkYXRlIjoxODAwMDAwMDAwMDAwfSwic2NoZW1hX3ZlcnNpb24iOiIwIn0="
        }
      ]
    },
    {
      "mode": "managed",
      "type": "azurerm_virtual_network_peering",
      "name": "res-15",
      "provider": "provider[\"registry.terraform.io/hashicorp/azurerm\"]",
      "instances": [
        {
          "schema_version": 0,
          "attributes": {
            "allow_forwarded_traffic": false,
            "allow_gateway_transit": false,
            "allow_virtual_network_access": true,
            "id": "/subscriptions/d9d2ecd3-56a0-4f15-bae9-04b37c0d4335/resourceGroups/rg-vnet-wotlab01/providers/Microsoft.Network/virtualNetworks/vn-wot-uks-core01/virtualNetworkPeerings/peering-to-remote-vnet",
            "name": "peering-to-remote-vnet",
            "remote_virtual_network_id": "/subscriptions/d9d2ecd3-56a0-4f15-bae9-04b37c0d4335/resourceGroups/rg-vnet-wotlab01/providers/Microsoft.Network/virtualNetworks/vn-wot-uks-hub01",
            "resource_group_name": "rg-vnet-wotlab01",
            "timeouts": null,
            "triggers": null,
            "use_remote_gateways": false,
            "virtual_network_name": "vn-wot-uks-core01"
          },
          "sensitive_attributes": [],
          "private": "eyJlMmJmYjczMC1lY2FhLTExZTYtOGY4OC0zNDM2M2JjN2M0YzAiOnsiY3JlYXRlIjoxODAwMDAwMDAwMDAwLCJkZWxldGUiOjE4MDAwMDAwMDAwMDAsInJlYWQiOjMwMDAwMDAwMDAwMCwidXBkYXRlIjoxODAwMDAwMDAwMDAwfSwic2NoZW1hX3ZlcnNpb24iOiIwIn0="
        }
      ]
    }
  ],
  "check_results": null
}
